
Microsoft Visual Studio Solution File, Format Version 12.00
# Visual Studio Version 17
VisualStudioVersion = 17.4.33213.308
MinimumVisualStudioVersion = 10.0.40219.1
Project("{FAE04EC0-301F-11D3-BF4B-00C04F79EFBC}") = "SessionProje", "SessionProje\SessionProje.csproj", "{10D11EF4-99E9-4003-93FA-78428A9303CC}"
EndProject
Global
	GlobalSection(SolutionConfigurationPlatforms) = preSolution
		Debug|Any CPU = Debug|Any CPU
		Release|Any CPU = Release|Any CPU
	EndGlobalSection
	GlobalSection(ProjectConfigurationPlatforms) = postSolution
		{10D11EF4-99E9-4003-93FA-78428A9303CC}.Debug|Any CPU.ActiveCfg = Debug|Any CPU
		{10D11EF4-99E9-4003-93FA-78428A9303CC}.Debug|Any CPU.Build.0 = Debug|Any CPU
		{10D11EF4-99E9-4003-93FA-78428A9303CC}.Release|Any CPU.ActiveCfg = Release|Any CPU
		{10D11EF4-99E9-4003-93FA-78428A9303CC}.Release|Any CPU.Build.0 = Release|Any CPU
	EndGlobalSection
	GlobalSection(SolutionProperties) = preSolution
		HideSolutionNode = FALSE
	EndGlobalSection
	GlobalSection(ExtensibilityGlobals) = postSolution
		SolutionGuid = {791AED70-A922-4E9F-BC7A-319B0526A5A8}
	EndGlobalSection
EndGlobal
